// !$*UTF8*$!
{
	archiveVersion = 1;
	classes = {
	};
	objectVersion = 46;
	objects = {

/* Begin PBXBuildFile section */
		9E69F7871F0D482900AED17A /* AppDelegate.swift in Sources */ = {isa = PBXBuildFile; fileRef = 9E69F7861F0D482900AED17A /* AppDelegate.swift */; };
		9E69F78C1F0D482900AED17A /* Main.storyboard in Resources */ = {isa = PBXBuildFile; fileRef = 9E69F78A1F0D482900AED17A /* Main.storyboard */; };
		9E69F78E1F0D482900AED17A /* Assets.xcassets in Resources */ = {isa = PBXBuildFile; fileRef = 9E69F78D1F0D482900AED17A /* Assets.xcassets */; };
		9E69F7911F0D482900AED17A /* LaunchScreen.storyboard in Resources */ = {isa = PBXBuildFile; fileRef = 9E69F78F1F0D482900AED17A /* LaunchScreen.storyboard */; };
		9E69F7991F0D492300AED17A /* Emoji.swift in Sources */ = {isa = PBXBuildFile; fileRef = 9E69F7981F0D492300AED17A /* Emoji.swift */; };
		9E69F79D1F0DB3CA00AED17A /* EmojiTableViewController.swift in Sources */ = {isa = PBXBuildFile; fileRef = 9E69F79C1F0DB3CA00AED17A /* EmojiTableViewController.swift */; };
		9E69F7C31F0FFFE600AED17A /* EmojiTableViewCell.swift in Sources */ = {isa = PBXBuildFile; fileRef = 9E69F7C21F0FFFE600AED17A /* EmojiTableViewCell.swift */; };
		9E69F7C71F11184900AED17A /* AddEditEmojiTableViewController.swift in Sources */ = {isa = PBXBuildFile; fileRef = 9E69F7C61F11184900AED17A /* AddEditEmojiTableViewController.swift */; };
/* End PBXBuildFile section */

/* Begin PBXFileReference section */
		9E69F7831F0D482900AED17A /* EmojiDictionary.app */ = {isa = PBXFileReference; explicitFileType = wrapper.application; includeInIndex = 0; path = EmojiDictionary.app; sourceTree = BUILT_PRODUCTS_DIR; };
		9E69F7861F0D482900AED17A /* AppDelegate.swift */ = {isa = PBXFileReference; lastKnownFileType = sourcecode.swift; path = AppDelegate.swift; sourceTree = "<group>"; };
		9E69F78B1F0D482900AED17A /* Base */ = {isa = PBXFileReference; lastKnownFileType = file.storyboard; name = Base; path = Base.lproj/Main.storyboard; sourceTree = "<group>"; };
		9E69F78D1F0D482900AED17A /* Assets.xcassets */ = {isa = PBXFileReference; lastKnownFileType = folder.assetcatalog; path = Assets.xcassets; sourceTree = "<group>"; };
		9E69F7901F0D482900AED17A /* Base */ = {isa = PBXFileReference; lastKnownFileType = file.storyboard; name = Base; path = Base.lproj/LaunchScreen.storyboard; sourceTree = "<group>"; };
		9E69F7921F0D482900AED17A /* Info.plist */ = {isa = PBXFileReference; lastKnownFileType = text.plist.xml; path = Info.plist; sourceTree = "<group>"; };
		9E69F7981F0D492300AED17A /* Emoji.swift */ = {isa = PBXFileReference; fileEncoding = 4; lastKnownFileType = sourcecode.swift; name = Emoji.swift; path = ../Emoji.swift; sourceTree = "<group>"; };
		9E69F79C1F0DB3CA00AED17A /* EmojiTableViewController.swift */ = {isa = PBXFileReference; fileEncoding = 4; lastKnownFileType = sourcecode.swift; path = EmojiTableViewController.swift; sourceTree = "<group>"; };
		9E69F7C21F0FFFE600AED17A /* EmojiTableViewCell.swift */ = {isa = PBXFileReference; fileEncoding = 4; lastKnownFileType = sourcecode.swift; path = EmojiTableViewCell.swift; sourceTree = "<group>"; };
		9E69F7C61F11184900AED17A /* AddEditEmojiTableViewController.swift */ = {isa = PBXFileReference; fileEncoding = 4; lastKnownFileType = sourcecode.swift; name = AddEditEmojiTableViewController.swift; path = ../AddEditEmojiTableViewController.swift; sourceTree = "<group>"; };
/* End PBXFileReference section */

/* Begin PBXFrameworksBuildPhase section */
		9E69F7801F0D482900AED17A /* Frameworks */ = {
			isa = PBXFrameworksBuildPhase;
			buildActionMask = 2147483647;
			files = (
			);
			runOnlyForDeploymentPostprocessing = 0;
		};
/* End PBXFrameworksBuildPhase section */

/* Begin PBXGroup section */
		9E69F77A1F0D482900AED17A = {
			isa = PBXGroup;
			children = (
				9E69F7851F0D482900AED17A /* EmojiDictionary */,
				9E69F7841F0D482900AED17A /* Products */,
			);
			sourceTree = "<group>";
		};
		9E69F7841F0D482900AED17A /* Products */ = {
			isa = PBXGroup;
			children = (
				9E69F7831F0D482900AED17A /* EmojiDictionary.app */,
			);
			name = Products;
			sourceTree = "<group>";
		};
		9E69F7851F0D482900AED17A /* EmojiDictionary */ = {
			isa = PBXGroup;
			children = (
				9E69F7861F0D482900AED17A /* AppDelegate.swift */,
				9E69F7981F0D492300AED17A /* Emoji.swift */,
				9E69F78A1F0D482900AED17A /* Main.storyboard */,
				9E69F7C21F0FFFE600AED17A /* EmojiTableViewCell.swift */,
				9E69F7C61F11184900AED17A /* AddEditEmojiTableViewController.swift */,
				9E69F79C1F0DB3CA00AED17A /* EmojiTableViewController.swift */,
				9E69F78D1F0D482900AED17A /* Assets.xcassets */,
				9E69F78F1F0D482900AED17A /* LaunchScreen.storyboard */,
				9E69F7921F0D482900AED17A /* Info.plist */,
			);
			path = EmojiDictionary;
			sourceTree = "<group>";
		};
/* End PBXGroup section */

/* Begin PBXNativeTarget section */
		9E69F7821F0D482900AED17A /* EmojiDictionary */ = {
			isa = PBXNativeTarget;
			buildConfigurationList = 9E69F7951F0D482900AED17A /* Build configuration list for PBXNativeTarget "EmojiDictionary" */;
			buildPhases = (
				9E69F77F1F0D482900AED17A /* Sources */,
				9E69F7801F0D482900AED17A /* Frameworks */,
				9E69F7811F0D482900AED17A /* Resources */,
			);
			buildRules = (
			);
			dependencies = (
			);
			name = EmojiDictionary;
			productName = EmojiDictionary;
			productReference = 9E69F7831F0D482900AED17A /* EmojiDictionary.app */;
			productType = "com.apple.product-type.application";
		};
/* End PBXNativeTarget section */

/* Begin PBXProject section */
		9E69F77B1F0D482900AED17A /* Project object */ = {
			isa = PBXProject;
			attributes = {
				LastSwiftUpdateCheck = 0830;
				LastUpgradeCheck = 0830;
				ORGANIZATIONNAME = "Alfred Wu";
				TargetAttributes = {
					9E69F7821F0D482900AED17A = {
						CreatedOnToolsVersion = 8.3.3;
						ProvisioningStyle = Automatic;
					};
				};
			};
			buildConfigurationList = 9E69F77E1F0D482900AED17A /* Build configuration list for PBXProject "EmojiDictionary" */;
			compatibilityVersion = "Xcode 3.2";
			developmentRegion = English;
			hasScannedForEncodings = 0;
			knownRegions = (
				en,
				Base,
			);
			mainGroup = 9E69F77A1F0D482900AED17A;
			productRefGroup = 9E69F7841F0D482900AED17A /* Products */;
			projectDirPath = "";
			projectRoot = "";
			targets = (
				9E69F7821F0D482900AED17A /* EmojiDictionary */,
			);
		};
/* End PBXProject section */

/* Begin PBXResourcesBuildPhase section */
		9E69F7811F0D482900AED17A /* Resources */ = {
			isa = PBXResourcesBuildPhase;
			buildActionMask = 2147483647;
			files = (
				9E69F7911F0D482900AED17A /* LaunchScreen.storyboard in Resources */,
				9E69F78E1F0D482900AED17A /* Assets.xcassets in Resources */,
				9E69F78C1F0D482900AED17A /* Main.storyboard in Resources */,
			);
			runOnlyForDeploymentPostprocessing = 0;
		};
/* End PBXResourcesBuildPhase section */

/* Begin PBXSourcesBuildPhase section */
		9E69F77F1F0D482900AED17A /* Sources */ = {
			isa = PBXSourcesBuildPhase;
			buildActionMask = 2147483647;
			files = (
				9E69F7C71F11184900AED17A /* AddEditEmojiTableViewController.swift in Sources */,
				9E69F7991F0D492300AED17A /* Emoji.swift in Sources */,
				9E69F79D1F0DB3CA00AED17A /* EmojiTableViewController.swift in Sources */,
				9E69F7C31F0FFFE600AED17A /* EmojiTableViewCell.swift in Sources */,
				9E69F7871F0D482900AED17A /* AppDelegate.swift in Sources */,
			);
			runOnlyForDeploymentPostprocessing = 0;
		};
/* End PBXSourcesBuildPhase section */

/* Begin PBXVariantGroup section */
		9E69F78A1F0D482900AED17A /* Main.storyboard */ = {
			isa = PBXVariantGroup;
			children = (
				9E69F78B1F0D482900AED17A /* Base */,
			);
			name = Main.storyboard;
			sourceTree = "<group>";
		};
		9E69F78F1F0D482900AED17A /* LaunchScreen.storyboard */ = {
			isa = PBXVariantGroup;
			children = (
				9E69F7901F0D482900AED17A /* Base */,
			);
			name = LaunchScreen.storyboard;
			sourceTree = "<group>";
		};
/* End PBXVariantGroup section */

/* Begin XCBuildConfiguration section */
		9E69F7931F0D482900AED17A /* Debug */ = {
			isa = XCBuildConfiguration;
			buildSettings = {
				ALWAYS_SEARCH_USER_PATHS = NO;
				CLANG_ANALYZER_NONNULL = YES;
				CLANG_ANALYZER_NUMBER_OBJECT_CONVERSION = YES_AGGRESSIVE;
				CLANG_CXX_LANGUAGE_STANDARD = "gnu++0x";
				CLANG_CXX_LIBRARY = "libc++";
				CLANG_ENABLE_MODULES = YES;
				CLANG_ENABLE_OBJC_ARC = YES;
				CLANG_WARN_BOOL_CONVERSION = YES;
				CLANG_WARN_CONSTANT_CONVERSION = YES;
				CLANG_WARN_DIRECT_OBJC_ISA_USAGE = YES_ERROR;
				CLANG_WARN_DOCUMENTATION_COMMENTS = YES;
				CLANG_WARN_EMPTY_BODY = YES;
				CLANG_WARN_ENUM_CONVERSION = YES;
				CLANG_WARN_INFINITE_RECURSION = YES;
				CLANG_WARN_INT_CONVERSION = YES;
				CLANG_WARN_OBJC_ROOT_CLASS = YES_ERROR;
				CLANG_WARN_SUSPICIOUS_MOVE = YES;
				CLANG_WARN_UNREACHABLE_CODE = YES;
				CLANG_WARN__DUPLICATE_METHOD_MATCH = YES;
				"CODE_SIGN_IDENTITY[sdk=iphoneos*]" = "iPhone Developer";
				COPY_PHASE_STRIP = NO;
				DEBUG_INFORMATION_FORMAT = dwarf;
				ENABLE_STRICT_OBJC_MSGSEND = YES;
				ENABLE_TESTABILITY = YES;
				GCC_C_LANGUAGE_STANDARD = gnu99;
				GCC_DYNAMIC_NO_PIC = NO;
				GCC_NO_COMMON_BLOCKS = YES;
				GCC_OPTIMIZATION_LEVEL = 0;
				GCC_PREPROCESSOR_DEFINITIONS = (
					"DEBUG=1",
					"$(inherited)",
				);
				GCC_WARN_64_TO_32_BIT_CONVERSION = YES;
				GCC_WARN_ABOUT_RETURN_TYPE = YES_ERROR;
				GCC_WARN_UNDECLARED_SELECTOR = YES;
				GCC_WARN_UNINITIALIZED_AUTOS = YES_AGGRESSIVE;
				GCC_WARN_UNUSED_FUNCTION = YES;
				GCC_WARN_UNUSED_VARIABLE = YES;
				IPHONEOS_DEPLOYMENT_TARGET = 10.3;
				MTL_ENABLE_DEBUG_INFO = YES;
				ONLY_ACTIVE_ARCH = YES;
				SDKROOT = iphoneos;
				SWIFT_ACTIVE_COMPILATION_CONDITIONS = DEBUG;
				SWIFT_OPTIMIZATION_LEVEL = "-Onone";
				TARGETED_DEVICE_FAMILY = "1,2";
			};
			name = Debug;
		};
		9E69F7941F0D482900AED17A /* Release */ = {
			isa = XCBuildConfiguration;
			buildSettings = {
				ALWAYS_SEARCH_USER_PATHS = NO;
				CLANG_ANALYZER_NONNULL = YES;
				CLANG_ANALYZER_NUMBER_OBJECT_CONVERSION = YES_AGGRESSIVE;
				CLANG_CXX_LANGUAGE_STANDARD = "gnu++0x";
				CLANG_CXX_LIBRARY = "libc++";
				CLANG_ENABLE_MODULES = YES;
				CLANG_ENABLE_OBJC_ARC = YES;
				CLANG_WARN_BOOL_CONVERSION = YES;
				CLANG_WARN_CONSTANT_CONVERSION = YES;
				CLANG_WARN_DIRECT_OBJC_ISA_USAGE = YES_ERROR;
				CLANG_WARN_DOCUMENTATION_COMMENTS = YES;
				CLANG_WARN_EMPTY_BODY = YES;
				CLANG_WARN_ENUM_CONVERSION = YES;
				CLANG_WARN_INFINITE_RECURSION = YES;
				CLANG_WARN_INT_CONVERSION = YES;
				CLANG_WARN_OBJC_ROOT_CLASS = YES_ERROR;
				CLANG_WARN_SUSPICIOUS_MOVE = YES;
				CLANG_WARN_UNREACHABLE_CODE = YES;
				CLANG_WARN__DUPLICATE_METHOD_MATCH = YES;
				"CODE_SIGN_IDENTITY[sdk=iphoneos*]" = "iPhone Developer";
				COPY_PHASE_STRIP = NO;
				DEBUG_INFORMATION_FORMAT = "dwarf-with-dsym";
				ENABLE_NS_ASSERTIONS = NO;
				ENABLE_STRICT_OBJC_MSGSEND = YES;
				GCC_C_LANGUAGE_STANDARD = gnu99;
				GCC_NO_COMMON_BLOCKS = YES;
				GCC_WARN_64_TO_32_BIT_CONVERSION = YES;
				GCC_WARN_ABOUT_RETURN_TYPE = YES_ERROR;
				GCC_WARN_UNDECLARED_SELECTOR = YES;
				GCC_WARN_UNINITIALIZED_AUTOS = YES_AGGRESSIVE;
				GCC_WARN_UNUSED_FUNCTION = YES;
				GCC_WARN_UNUSED_VARIABLE = YES;
				IPHONEOS_DEPLOYMENT_TARGET = 10.3;
				MTL_ENABLE_DEBUG_INFO = NO;
				SDKROOT = iphoneos;
				SWIFT_OPTIMIZATION_LEVEL = "-Owholemodule";
				TARGETED_DEVICE_FAMILY = "1,2";
				VALIDATE_PRODUCT = YES;
			};
			name = Release;
		};
		9E69F7961F0D482900AED17A /* Debug */ = {
			isa = XCBuildConfiguration;
			buildSettings = {
				ASSETCATALOG_COMPILER_APPICON_NAME = AppIcon;
				INFOPLIST_FILE = EmojiDictionary/Info.plist;
				LD_RUNPATH_SEARCH_PATHS = "$(inherited) @executable_path/Frameworks";
				PRODUCT_BUNDLE_IDENTIFIER = com.example.EmojiDictionary;
				PRODUCT_NAME = "$(TARGET_NAME)";
				SWIFT_VERSION = 3.0;
			};
			name = Debug;
		};
		9E69F7971F0D482900AED17A /* Release */ = {
			isa = XCBuildConfiguration;
			buildSettings = {
				ASSETCATALOG_COMPILER_APPICON_NAME = AppIcon;
				INFOPLIST_FILE = EmojiDictionary/Info.plist;
				LD_RUNPATH_SEARCH_PATHS = "$(inherited) @executable_path/Frameworks";
				PRODUCT_BUNDLE_IDENTIFIER = com.example.EmojiDictionary;
				PRODUCT_NAME = "$(TARGET_NAME)";
				SWIFT_VERSION = 3.0;
			};
			name = Release;
		};
/* End XCBuildConfiguration section */

/* Begin XCConfigurationList section */
		9E69F77E1F0D482900AED17A /* Build configuration list for PBXProject "EmojiDictionary" */ = {
			isa = XCConfigurationList;
			buildConfigurations = (
				9E69F7931F0D482900AED17A /* Debug */,
				9E69F7941F0D482900AED17A /* Release */,
			);
			defaultConfigurationIsVisible = 0;
			defaultConfigurationName = Release;
		};
		9E69F7951F0D482900AED17A /* Build configuration list for PBXNativeTarget "EmojiDictionary" */ = {
			isa = XCConfigurationList;
			buildConfigurations = (
				9E69F7961F0D482900AED17A /* Debug */,
				9E69F7971F0D482900AED17A /* Release */,
			);
			defaultConfigurationIsVisible = 0;
			defaultConfigurationName = Release;
		};
/* End XCConfigurationList section */
	};
	rootObject = 9E69F77B1F0D482900AED17A /* Project object */;
}
